{
  "pins" : [
    {
      "identity" : "crookedtext",
      "kind" : "remoteSourceControl",
      "location" : "https://github.com/csm/CrookedText",
      "state" : {
        "branch" : "master",
        "revision" : "e3e13e9e1dff3634602bbe760d4efa8f41425dab"
      }
    },
    {
      "identity" : "swiftsoup",
      "kind" : "remoteSourceControl",
      "location" : "https://github.com/scinfu/SwiftSoup.git",
      "state" : {
        "revision" : "1d39e56d364cba79ce43b341f9661b534cccb18d",
        "version" : "2.7.1"
      }
    }
  ],
  "version" : 2
}
